Microsoft Visual Studio Solution File, Format Version 11.00
# Visual Studio 2008

Project("{E1085BF9-3FF2-BD97-EC42-E9DA1BD918F9}") = "2D_new", "Assembly-CSharp-firstpass.csproj", "{589D73FF-CA45-4327-4875-7D4C222E823A}"
EndProject
Project("{E1085BF9-3FF2-BD97-EC42-E9DA1BD918F9}") = "2D_new", "Assembly-CSharp.csproj", "{E6B38567-5860-7798-EC84-8DE7147A239C}"
EndProject
Project("{E1085BF9-3FF2-BD97-EC42-E9DA1BD918F9}") = "2D_new", "Assembly-CSharp-Editor.csproj", "{0FBDD7E4-167D-7AC0-96AB-F842DF073A29}"
EndProject
Project("{E1085BF9-3FF2-BD97-EC42-E9DA1BD918F9}") = "2D_new", "Assembly-UnityScript-firstpass.unityproj", "{E0CF4F6B-A79B-5A21-18A2-2124FD237B60}"
EndProject
Project("{E1085BF9-3FF2-BD97-EC42-E9DA1BD918F9}") = "2D_new", "Assembly-UnityScript.unityproj", "{E0C5212C-4141-7CA8-BD0B-7B1A84E26DCA}"
EndProject
Global
	GlobalSection(SolutionConfigurationPlatforms) = preSolution
		Debug|Any CPU = Debug|Any CPU
		Release|Any CPU = Release|Any CPU
	EndGlobalSection
	GlobalSection(ProjectConfigurationPlatforms) = postSolution
		{589D73FF-CA45-4327-4875-7D4C222E823A}.Debug|Any CPU.ActiveCfg = Debug|Any CPU
		{589D73FF-CA45-4327-4875-7D4C222E823A}.Debug|Any CPU.Build.0 = Debug|Any CPU
		{589D73FF-CA45-4327-4875-7D4C222E823A}.Release|Any CPU.ActiveCfg = Release|Any CPU
		{589D73FF-CA45-4327-4875-7D4C222E823A}.Release|Any CPU.Build.0 = Release|Any CPU
		{E6B38567-5860-7798-EC84-8DE7147A239C}.Debug|Any CPU.ActiveCfg = Debug|Any CPU
		{E6B38567-5860-7798-EC84-8DE7147A239C}.Debug|Any CPU.Build.0 = Debug|Any CPU
		{E6B38567-5860-7798-EC84-8DE7147A239C}.Release|Any CPU.ActiveCfg = Release|Any CPU
		{E6B38567-5860-7798-EC84-8DE7147A239C}.Release|Any CPU.Build.0 = Release|Any CPU
		{0FBDD7E4-167D-7AC0-96AB-F842DF073A29}.Debug|Any CPU.ActiveCfg = Debug|Any CPU
		{0FBDD7E4-167D-7AC0-96AB-F842DF073A29}.Debug|Any CPU.Build.0 = Debug|Any CPU
		{0FBDD7E4-167D-7AC0-96AB-F842DF073A29}.Release|Any CPU.ActiveCfg = Release|Any CPU
		{0FBDD7E4-167D-7AC0-96AB-F842DF073A29}.Release|Any CPU.Build.0 = Release|Any CPU
		{E0CF4F6B-A79B-5A21-18A2-2124FD237B60}.Debug|Any CPU.ActiveCfg = Debug|Any CPU
		{E0CF4F6B-A79B-5A21-18A2-2124FD237B60}.Debug|Any CPU.Build.0 = Debug|Any CPU
		{E0CF4F6B-A79B-5A21-18A2-2124FD237B60}.Release|Any CPU.ActiveCfg = Release|Any CPU
		{E0CF4F6B-A79B-5A21-18A2-2124FD237B60}.Release|Any CPU.Build.0 = Release|Any CPU
		{E0C5212C-4141-7CA8-BD0B-7B1A84E26DCA}.Debug|Any CPU.ActiveCfg = Debug|Any CPU
		{E0C5212C-4141-7CA8-BD0B-7B1A84E26DCA}.Debug|Any CPU.Build.0 = Debug|Any CPU
		{E0C5212C-4141-7CA8-BD0B-7B1A84E26DCA}.Release|Any CPU.ActiveCfg = Release|Any CPU
		{E0C5212C-4141-7CA8-BD0B-7B1A84E26DCA}.Release|Any CPU.Build.0 = Release|Any CPU
	EndGlobalSection
	GlobalSection(SolutionProperties) = preSolution
		HideSolutionNode = FALSE
	EndGlobalSection
				GlobalSection(MonoDevelopProperties) = preSolution
		StartupItem = Assembly-CSharp.csproj
		Policies = $0
		$0.TextStylePolicy = $1
		$1.inheritsSet = null
		$1.scope = text/x-csharp
		$0.CSharpFormattingPolicy = $2
		$2.inheritsSet = Mono
		$2.inheritsScope = text/x-csharp
		$2.scope = text/x-csharp
		$0.TextStylePolicy = $3
		$3.FileWidth = 120
		$3.TabWidth = 4
		$3.EolMarker = Unix
		$3.inheritsSet = Mono
		$3.inheritsScope = text/plain
		$3.scope = text/plain
	EndGlobalSection

EndGlobal
