Microsoft Visual Studio Solution File, Format Version 11.00
# Visual Studio 2008

Project("{275B21BC-A9F9-17FB-E955-CB71BC361173}") = "TyperTD", "Assembly-CSharp-firstpass.csproj", "{8CEB55C5-147A-437E-866C-9AA6120DD39A}"
EndProject
Project("{275B21BC-A9F9-17FB-E955-CB71BC361173}") = "TyperTD", "Assembly-CSharp.csproj", "{18693FDA-4896-C5EC-64B6-38C538668A14}"
EndProject
Project("{275B21BC-A9F9-17FB-E955-CB71BC361173}") = "TyperTD", "Assembly-CSharp-Editor.csproj", "{CEB03147-4FD3-3C2D-F19E-A6E3C65E51B3}"
EndProject
Project("{275B21BC-A9F9-17FB-E955-CB71BC361173}") = "TyperTD", "Assembly-UnityScript-firstpass.unityproj", "{2645F88E-648F-3576-88A4-3124146E63F5}"
EndProject
Project("{275B21BC-A9F9-17FB-E955-CB71BC361173}") = "TyperTD", "Assembly-UnityScript.unityproj", "{BC07C8D8-2E57-1C0D-7C86-0E7EBF7706C0}"
EndProject
Global
	GlobalSection(SolutionConfigurationPlatforms) = preSolution
		Debug|Any CPU = Debug|Any CPU
		Release|Any CPU = Release|Any CPU
	EndGlobalSection
	GlobalSection(ProjectConfigurationPlatforms) = postSolution
		{8CEB55C5-147A-437E-866C-9AA6120DD39A}.Debug|Any CPU.ActiveCfg = Debug|Any CPU
		{8CEB55C5-147A-437E-866C-9AA6120DD39A}.Debug|Any CPU.Build.0 = Debug|Any CPU
		{8CEB55C5-147A-437E-866C-9AA6120DD39A}.Release|Any CPU.ActiveCfg = Release|Any CPU
		{8CEB55C5-147A-437E-866C-9AA6120DD39A}.Release|Any CPU.Build.0 = Release|Any CPU
		{18693FDA-4896-C5EC-64B6-38C538668A14}.Debug|Any CPU.ActiveCfg = Debug|Any CPU
		{18693FDA-4896-C5EC-64B6-38C538668A14}.Debug|Any CPU.Build.0 = Debug|Any CPU
		{18693FDA-4896-C5EC-64B6-38C538668A14}.Release|Any CPU.ActiveCfg = Release|Any CPU
		{18693FDA-4896-C5EC-64B6-38C538668A14}.Release|Any CPU.Build.0 = Release|Any CPU
		{CEB03147-4FD3-3C2D-F19E-A6E3C65E51B3}.Debug|Any CPU.ActiveCfg = Debug|Any CPU
		{CEB03147-4FD3-3C2D-F19E-A6E3C65E51B3}.Debug|Any CPU.Build.0 = Debug|Any CPU
		{CEB03147-4FD3-3C2D-F19E-A6E3C65E51B3}.Release|Any CPU.ActiveCfg = Release|Any CPU
		{CEB03147-4FD3-3C2D-F19E-A6E3C65E51B3}.Release|Any CPU.Build.0 = Release|Any CPU
		{2645F88E-648F-3576-88A4-3124146E63F5}.Debug|Any CPU.ActiveCfg = Debug|Any CPU
		{2645F88E-648F-3576-88A4-3124146E63F5}.Debug|Any CPU.Build.0 = Debug|Any CPU
		{2645F88E-648F-3576-88A4-3124146E63F5}.Release|Any CPU.ActiveCfg = Release|Any CPU
		{2645F88E-648F-3576-88A4-3124146E63F5}.Release|Any CPU.Build.0 = Release|Any CPU
		{BC07C8D8-2E57-1C0D-7C86-0E7EBF7706C0}.Debug|Any CPU.ActiveCfg = Debug|Any CPU
		{BC07C8D8-2E57-1C0D-7C86-0E7EBF7706C0}.Debug|Any CPU.Build.0 = Debug|Any CPU
		{BC07C8D8-2E57-1C0D-7C86-0E7EBF7706C0}.Release|Any CPU.ActiveCfg = Release|Any CPU
		{BC07C8D8-2E57-1C0D-7C86-0E7EBF7706C0}.Release|Any CPU.Build.0 = Release|Any CPU
	EndGlobalSection
	GlobalSection(SolutionProperties) = preSolution
		HideSolutionNode = FALSE
	EndGlobalSection
								GlobalSection(MonoDevelopProperties) = preSolution
		StartupItem = Assembly-CSharp.csproj
		Policies = $0
		$0.TextStylePolicy = $1
		$1.inheritsSet = null
		$1.scope = text/x-csharp
		$0.CSharpFormattingPolicy = $2
		$2.inheritsSet = Mono
		$2.inheritsScope = text/x-csharp
		$2.scope = text/x-csharp
		$0.TextStylePolicy = $3
		$3.FileWidth = 120
		$3.TabWidth = 4
		$3.EolMarker = Unix
		$3.inheritsSet = Mono
		$3.inheritsScope = text/plain
		$3.scope = text/plain
	EndGlobalSection

EndGlobal
